# THIS IS AN AUTOGENERATED FILE. DO NOT EDIT THIS FILE DIRECTLY.
# yarn lockfile v1


"@noble/hashes@^2.0.1":
  version "2.0.1"
  resolved "https://registry.yarnpkg.com/@noble/hashes/-/hashes-2.0.1.tgz#fc1a928061d1232b0a52bb754393c37a5216c89e"
  integrity sha512-XlOlEbQcE9fmuXxrVTXCTlG2nlRXa9Rj3rr5Ue/+tX+nmkgbX720YHh0VR3hBF9xDvwnb8D2shVGOwNx+ulArw==
